
Microsoft Visual Studio Solution File, Format Version 12.00
# Visual Studio 15
VisualStudioVersion = 15.0.27428.1
MinimumVisualStudioVersion = 10.0.40219.1
Project("{FAE04EC0-301F-11D3-BF4B-00C04F79EFBC}") = "WirelessDoor_server_master", "WirelessDoor_server_master\WirelessDoor_server_master.csproj", "{38413A95-3177-4553-92E8-86A9755C3F72}"
EndProject
Global
	GlobalSection(SolutionConfigurationPlatforms) = preSolution
		Debug|Any CPU = Debug|Any CPU
		Release|Any CPU = Release|Any CPU
	EndGlobalSection
	GlobalSection(ProjectConfigurationPlatforms) = postSolution
		{38413A95-3177-4553-92E8-86A9755C3F72}.Debug|Any CPU.ActiveCfg = Debug|Any CPU
		{38413A95-3177-4553-92E8-86A9755C3F72}.Debug|Any CPU.Build.0 = Debug|Any CPU
		{38413A95-3177-4553-92E8-86A9755C3F72}.Release|Any CPU.ActiveCfg = Release|Any CPU
		{38413A95-3177-4553-92E8-86A9755C3F72}.Release|Any CPU.Build.0 = Release|Any CPU
	EndGlobalSection
	GlobalSection(SolutionProperties) = preSolution
		HideSolutionNode = FALSE
	EndGlobalSection
	GlobalSection(ExtensibilityGlobals) = postSolution
		SolutionGuid = {1036B93B-1B4D-4481-9F92-894FF2D1027D}
	EndGlobalSection
EndGlobal
